
Microsoft Visual Studio Solution File, Format Version 12.00
# Visual Studio 15
VisualStudioVersion = 15.0.27130.2024
MinimumVisualStudioVersion = 10.0.40219.1
Project("{2150E333-8FDC-42A3-9474-1A3956D46DE8}") = "Tests", "Tests", "{639967B0-0544-4C52-94AC-9A3D25E33256}"
EndProject
Project("{9A19103F-16F7-4668-BE54-9A1E7A4F7556}") = "WebJobs.Extensions.ServiceBus.Tests", "test\Microsoft.Azure.WebJobs.Extensions.ServiceBus.Tests\WebJobs.Extensions.ServiceBus.Tests.csproj", "{340AB554-5482-4B3D-B65F-46DFF5AF1684}"
EndProject
Project("{9A19103F-16F7-4668-BE54-9A1E7A4F7556}") = "WebJobs.Extensions.ServiceBus", "src\Microsoft.Azure.WebJobs.Extensions.ServiceBus\WebJobs.Extensions.ServiceBus.csproj", "{A2B3C676-3DF0-43B4-92A2-7E7DAA7BF439}"
EndProject
Global
	GlobalSection(SolutionConfigurationPlatforms) = preSolution
		Debug|Any CPU = Debug|Any CPU
		Release|Any CPU = Release|Any CPU
	EndGlobalSection
	GlobalSection(ProjectConfigurationPlatforms) = postSolution
		{340AB554-5482-4B3D-B65F-46DFF5AF1684}.Debug|Any CPU.ActiveCfg = Debug|Any CPU
		{340AB554-5482-4B3D-B65F-46DFF5AF1684}.Debug|Any CPU.Build.0 = Debug|Any CPU
		{340AB554-5482-4B3D-B65F-46DFF5AF1684}.Release|Any CPU.ActiveCfg = Release|Any CPU
		{340AB554-5482-4B3D-B65F-46DFF5AF1684}.Release|Any CPU.Build.0 = Release|Any CPU
		{A2B3C676-3DF0-43B4-92A2-7E7DAA7BF439}.Debug|Any CPU.ActiveCfg = Debug|Any CPU
		{A2B3C676-3DF0-43B4-92A2-7E7DAA7BF439}.Debug|Any CPU.Build.0 = Debug|Any CPU
		{A2B3C676-3DF0-43B4-92A2-7E7DAA7BF439}.Release|Any CPU.ActiveCfg = Release|Any CPU
		{A2B3C676-3DF0-43B4-92A2-7E7DAA7BF439}.Release|Any CPU.Build.0 = Release|Any CPU
	EndGlobalSection
	GlobalSection(SolutionProperties) = preSolution
		HideSolutionNode = FALSE
	EndGlobalSection
	GlobalSection(NestedProjects) = preSolution
		{340AB554-5482-4B3D-B65F-46DFF5AF1684} = {639967B0-0544-4C52-94AC-9A3D25E33256}
	EndGlobalSection
	GlobalSection(ExtensibilityGlobals) = postSolution
		SolutionGuid = {371BFA14-0980-4A43-A18A-CA1C1A9CB784}
	EndGlobalSection
EndGlobal
